
Microsoft Visual Studio Solution File, Format Version 12.00
# Visual Studio Version 17
VisualStudioVersion = 17.2.32630.192
MinimumVisualStudioVersion = 10.0.40219.1
Project("{9A19103F-16F7-4668-BE54-9A1E7A4F7556}") = "RestaurantAPI", "RestaurantAPI\RestaurantAPI.csproj", "{11B74D44-1A34-48A0-B7D0-50C1F586D76D}"
EndProject
Global
	GlobalSection(SolutionConfigurationPlatforms) = preSolution
		Debug|Any CPU = Debug|Any CPU
		Release|Any CPU = Release|Any CPU
	EndGlobalSection
	GlobalSection(ProjectConfigurationPlatforms) = postSolution
		{11B74D44-1A34-48A0-B7D0-50C1F586D76D}.Debug|Any CPU.ActiveCfg = Debug|Any CPU
		{11B74D44-1A34-48A0-B7D0-50C1F586D76D}.Debug|Any CPU.Build.0 = Debug|Any CPU
		{11B74D44-1A34-48A0-B7D0-50C1F586D76D}.Release|Any CPU.ActiveCfg = Release|Any CPU
		{11B74D44-1A34-48A0-B7D0-50C1F586D76D}.Release|Any CPU.Build.0 = Release|Any CPU
	EndGlobalSection
	GlobalSection(SolutionProperties) = preSolution
		HideSolutionNode = FALSE
	EndGlobalSection
	GlobalSection(ExtensibilityGlobals) = postSolution
		SolutionGuid = {F4538442-D108-43B9-ABF5-0C6439EC3950}
	EndGlobalSection
EndGlobal
